
Microsoft Visual Studio Solution File, Format Version 12.00
# Visual Studio 15
VisualStudioVersion = 15.0.26730.16
MinimumVisualStudioVersion = 10.0.40219.1
Project("{FAE04EC0-301F-11D3-BF4B-00C04F79EFBC}") = "MementoFX.Messaging.Rebus", "src\MementoFX.Messaging.Rebus\MementoFX.Messaging.Rebus.csproj", "{13C0BAA8-705C-422D-B550-3A067E570A70}"
EndProject
Project("{FAE04EC0-301F-11D3-BF4B-00C04F79EFBC}") = "MementoFX.Messaging.Rebus.Tests", "src\MementoFX.Messaging.Rebus.Tests\MementoFX.Messaging.Rebus.Tests.csproj", "{76ED6874-5AFE-4735-95E2-F92721BDA375}"
EndProject
Global
	GlobalSection(SolutionConfigurationPlatforms) = preSolution
		Debug|Any CPU = Debug|Any CPU
		Release|Any CPU = Release|Any CPU
	EndGlobalSection
	GlobalSection(ProjectConfigurationPlatforms) = postSolution
		{13C0BAA8-705C-422D-B550-3A067E570A70}.Debug|Any CPU.ActiveCfg = Debug|Any CPU
		{13C0BAA8-705C-422D-B550-3A067E570A70}.Debug|Any CPU.Build.0 = Debug|Any CPU
		{13C0BAA8-705C-422D-B550-3A067E570A70}.Release|Any CPU.ActiveCfg = Release|Any CPU
		{13C0BAA8-705C-422D-B550-3A067E570A70}.Release|Any CPU.Build.0 = Release|Any CPU
		{76ED6874-5AFE-4735-95E2-F92721BDA375}.Debug|Any CPU.ActiveCfg = Debug|Any CPU
		{76ED6874-5AFE-4735-95E2-F92721BDA375}.Debug|Any CPU.Build.0 = Debug|Any CPU
		{76ED6874-5AFE-4735-95E2-F92721BDA375}.Release|Any CPU.ActiveCfg = Release|Any CPU
		{76ED6874-5AFE-4735-95E2-F92721BDA375}.Release|Any CPU.Build.0 = Release|Any CPU
	EndGlobalSection
	GlobalSection(SolutionProperties) = preSolution
		HideSolutionNode = FALSE
	EndGlobalSection
	GlobalSection(ExtensibilityGlobals) = postSolution
		SolutionGuid = {32491B89-C1B5-47B5-9780-A5EE66D1EC44}
	EndGlobalSection
EndGlobal
